// !$*UTF8*$!
{
	archiveVersion = 1;
	classes = {
	};
	objectVersion = 46;
	objects = {

/* Begin PBXBuildFile section */
		2E62BCD61DA2CE7E006C424E /* AppDelegate.swift in Sources */ = {isa = PBXBuildFile; fileRef = 2E62BCD51DA2CE7E006C424E /* AppDelegate.swift */; };
		2E62BCD81DA2CE7E006C424E /* welcome.swift in Sources */ = {isa = PBXBuildFile; fileRef = 2E62BCD71DA2CE7E006C424E /* welcome.swift */; };
		2E62BCDB1DA2CE7E006C424E /* Main.storyboard in Resources */ = {isa = PBXBuildFile; fileRef = 2E62BCD91DA2CE7E006C424E /* Main.storyboard */; };
		2E62BCDD1DA2CE7E006C424E /* Assets.xcassets in Resources */ = {isa = PBXBuildFile; fileRef = 2E62BCDC1DA2CE7E006C424E /* Assets.xcassets */; };
		2E62BCE01DA2CE7E006C424E /* LaunchScreen.storyboard in Resources */ = {isa = PBXBuildFile; fileRef = 2E62BCDE1DA2CE7E006C424E /* LaunchScreen.storyboard */; };
		2E62BCEB1DA2CE7E006C424E /* ANUParkTests.swift in Sources */ = {isa = PBXBuildFile; fileRef = 2E62BCEA1DA2CE7E006C424E /* ANUParkTests.swift */; };
		2E62BCF61DA2CE7F006C424E /* ANUParkUITests.swift in Sources */ = {isa = PBXBuildFile; fileRef = 2E62BCF51DA2CE7F006C424E /* ANUParkUITests.swift */; };
		2E9645DB1DA839ED0088AA08 /* Login.swift in Sources */ = {isa = PBXBuildFile; fileRef = 2E9645DA1DA839ED0088AA08 /* Login.swift */; };
		2E9645DD1DA83A0E0088AA08 /* Signup.swift in Sources */ = {isa = PBXBuildFile; fileRef = 2E9645DC1DA83A0E0088AA08 /* Signup.swift */; };
		2E9645DF1DA83A250088AA08 /* Parking.swift in Sources */ = {isa = PBXBuildFile; fileRef = 2E9645DE1DA83A250088AA08 /* Parking.swift */; };
		2E9645E11DA83A600088AA08 /* Sessions.swift in Sources */ = {isa = PBXBuildFile; fileRef = 2E9645E01DA83A600088AA08 /* Sessions.swift */; };
		2E9645E31DA83A7E0088AA08 /* Map.swift in Sources */ = {isa = PBXBuildFile; fileRef = 2E9645E21DA83A7E0088AA08 /* Map.swift */; };
		2E9645E51DA83A920088AA08 /* FindMyCar.swift in Sources */ = {isa = PBXBuildFile; fileRef = 2E9645E41DA83A920088AA08 /* FindMyCar.swift */; };
		2E9645E71DA83AB20088AA08 /* Settings.swift in Sources */ = {isa = PBXBuildFile; fileRef = 2E9645E61DA83AB20088AA08 /* Settings.swift */; };
/* End PBXBuildFile section */

/* Begin PBXContainerItemProxy section */
		2E62BCE71DA2CE7E006C424E /* PBXContainerItemProxy */ = {
			isa = PBXContainerItemProxy;
			containerPortal = 2E62BCCA1DA2CE7E006C424E /* Project object */;
			proxyType = 1;
			remoteGlobalIDString = 2E62BCD11DA2CE7E006C424E;
			remoteInfo = ANUPark;
		};
		2E62BCF21DA2CE7F006C424E /* PBXContainerItemProxy */ = {
			isa = PBXContainerItemProxy;
			containerPortal = 2E62BCCA1DA2CE7E006C424E /* Project object */;
			proxyType = 1;
			remoteGlobalIDString = 2E62BCD11DA2CE7E006C424E;
			remoteInfo = ANUPark;
		};
/* End PBXContainerItemProxy section */

/* Begin PBXFileReference section */
		2E62BCD21DA2CE7E006C424E /* ANUPark.app */ = {isa = PBXFileReference; explicitFileType = wrapper.application; includeInIndex = 0; path = ANUPark.app; sourceTree = BUILT_PRODUCTS_DIR; };
		2E62BCD51DA2CE7E006C424E /* AppDelegate.swift */ = {isa = PBXFileReference; lastKnownFileType = sourcecode.swift; path = AppDelegate.swift; sourceTree = "<group>"; };
		2E62BCD71DA2CE7E006C424E /* welcome.swift */ = {isa = PBXFileReference; lastKnownFileType = sourcecode.swift; path = welcome.swift; sourceTree = "<group>"; };
		2E62BCDA1DA2CE7E006C424E /* Base */ = {isa = PBXFileReference; lastKnownFileType = file.storyboard; name = Base; path = Base.lproj/Main.storyboard; sourceTree = "<group>"; };
		2E62BCDC1DA2CE7E006C424E /* Assets.xcassets */ = {isa = PBXFileReference; lastKnownFileType = folder.assetcatalog; path = Assets.xcassets; sourceTree = "<group>"; };
		2E62BCDF1DA2CE7E006C424E /* Base */ = {isa = PBXFileReference; lastKnownFileType = file.storyboard; name = Base; path = Base.lproj/LaunchScreen.storyboard; sourceTree = "<group>"; };
		2E62BCE11DA2CE7E006C424E /* Info.plist */ = {isa = PBXFileReference; lastKnownFileType = text.plist.xml; path = Info.plist; sourceTree = "<group>"; };
		2E62BCE61DA2CE7E006C424E /* ANUParkTests.xctest */ = {isa = PBXFileReference; explicitFileType = wrapper.cfbundle; includeInIndex = 0; path = ANUParkTests.xctest; sourceTree = BUILT_PRODUCTS_DIR; };
		2E62BCEA1DA2CE7E006C424E /* ANUParkTests.swift */ = {isa = PBXFileReference; lastKnownFileType = sourcecode.swift; path = ANUParkTests.swift; sourceTree = "<group>"; };
		2E62BCEC1DA2CE7E006C424E /* Info.plist */ = {isa = PBXFileReference; lastKnownFileType = text.plist.xml; path = Info.plist; sourceTree = "<group>"; };
		2E62BCF11DA2CE7F006C424E /* ANUParkUITests.xctest */ = {isa = PBXFileReference; explicitFileType = wrapper.cfbundle; includeInIndex = 0; path = ANUParkUITests.xctest; sourceTree = BUILT_PRODUCTS_DIR; };
		2E62BCF51DA2CE7F006C424E /* ANUParkUITests.swift */ = {isa = PBXFileReference; lastKnownFileType = sourcecode.swift; path = ANUParkUITests.swift; sourceTree = "<group>"; };
		2E62BCF71DA2CE7F006C424E /* Info.plist */ = {isa = PBXFileReference; lastKnownFileType = text.plist.xml; path = Info.plist; sourceTree = "<group>"; };
		2E9645DA1DA839ED0088AA08 /* Login.swift */ = {isa = PBXFileReference; fileEncoding = 4; lastKnownFileType = sourcecode.swift; path = Login.swift; sourceTree = "<group>"; };
		2E9645DC1DA83A0E0088AA08 /* Signup.swift */ = {isa = PBXFileReference; fileEncoding = 4; lastKnownFileType = sourcecode.swift; path = Signup.swift; sourceTree = "<group>"; };
		2E9645DE1DA83A250088AA08 /* Parking.swift */ = {isa = PBXFileReference; fileEncoding = 4; lastKnownFileType = sourcecode.swift; path = Parking.swift; sourceTree = "<group>"; };
		2E9645E01DA83A600088AA08 /* Sessions.swift */ = {isa = PBXFileReference; fileEncoding = 4; lastKnownFileType = sourcecode.swift; path = Sessions.swift; sourceTree = "<group>"; };
		2E9645E21DA83A7E0088AA08 /* Map.swift */ = {isa = PBXFileReference; fileEncoding = 4; lastKnownFileType = sourcecode.swift; path = Map.swift; sourceTree = "<group>"; };
		2E9645E41DA83A920088AA08 /* FindMyCar.swift */ = {isa = PBXFileReference; fileEncoding = 4; lastKnownFileType = sourcecode.swift; path = FindMyCar.swift; sourceTree = "<group>"; };
		2E9645E61DA83AB20088AA08 /* Settings.swift */ = {isa = PBXFileReference; fileEncoding = 4; lastKnownFileType = sourcecode.swift; path = Settings.swift; sourceTree = "<group>"; };
/* End PBXFileReference section */

/* Begin PBXFrameworksBuildPhase section */
		2E62BCCF1DA2CE7E006C424E /* Frameworks */ = {
			isa = PBXFrameworksBuildPhase;
			buildActionMask = 2147483647;
			files = (
			);
			runOnlyForDeploymentPostprocessing = 0;
		};
		2E62BCE31DA2CE7E006C424E /* Frameworks */ = {
			isa = PBXFrameworksBuildPhase;
			buildActionMask = 2147483647;
			files = (
			);
			runOnlyForDeploymentPostprocessing = 0;
		};
		2E62BCEE1DA2CE7F006C424E /* Frameworks */ = {
			isa = PBXFrameworksBuildPhase;
			buildActionMask = 2147483647;
			files = (
			);
			runOnlyForDeploymentPostprocessing = 0;
		};
/* End PBXFrameworksBuildPhase section */

/* Begin PBXGroup section */
		2E62BCC91DA2CE7E006C424E = {
			isa = PBXGroup;
			children = (
				2E62BCD41DA2CE7E006C424E /* ANUPark */,
				2E62BCE91DA2CE7E006C424E /* ANUParkTests */,
				2E62BCF41DA2CE7F006C424E /* ANUParkUITests */,
				2E62BCD31DA2CE7E006C424E /* Products */,
			);
			sourceTree = "<group>";
		};
		2E62BCD31DA2CE7E006C424E /* Products */ = {
			isa = PBXGroup;
			children = (
				2E62BCD21DA2CE7E006C424E /* ANUPark.app */,
				2E62BCE61DA2CE7E006C424E /* ANUParkTests.xctest */,
				2E62BCF11DA2CE7F006C424E /* ANUParkUITests.xctest */,
			);
			name = Products;
			sourceTree = "<group>";
		};
		2E62BCD41DA2CE7E006C424E /* ANUPark */ = {
			isa = PBXGroup;
			children = (
				2E62BCD51DA2CE7E006C424E /* AppDelegate.swift */,
				2E9645D91DA8399F0088AA08 /* Model */,
				2E62BCD91DA2CE7E006C424E /* Main.storyboard */,
				2E62BCDC1DA2CE7E006C424E /* Assets.xcassets */,
				2E62BCDE1DA2CE7E006C424E /* LaunchScreen.storyboard */,
				2E62BCE11DA2CE7E006C424E /* Info.plist */,
			);
			path = ANUPark;
			sourceTree = "<group>";
		};
		2E62BCE91DA2CE7E006C424E /* ANUParkTests */ = {
			isa = PBXGroup;
			children = (
				2E62BCEA1DA2CE7E006C424E /* ANUParkTests.swift */,
				2E62BCEC1DA2CE7E006C424E /* Info.plist */,
			);
			path = ANUParkTests;
			sourceTree = "<group>";
		};
		2E62BCF41DA2CE7F006C424E /* ANUParkUITests */ = {
			isa = PBXGroup;
			children = (
				2E62BCF51DA2CE7F006C424E /* ANUParkUITests.swift */,
				2E62BCF71DA2CE7F006C424E /* Info.plist */,
			);
			path = ANUParkUITests;
			sourceTree = "<group>";
		};
		2E9645D91DA8399F0088AA08 /* Model */ = {
			isa = PBXGroup;
			children = (
				2E62BCD71DA2CE7E006C424E /* welcome.swift */,
				2E9645DC1DA83A0E0088AA08 /* Signup.swift */,
				2E9645E61DA83AB20088AA08 /* Settings.swift */,
				2E9645DE1DA83A250088AA08 /* Parking.swift */,
				2E9645E21DA83A7E0088AA08 /* Map.swift */,
				2E9645E41DA83A920088AA08 /* FindMyCar.swift */,
				2E9645DA1DA839ED0088AA08 /* Login.swift */,
				2E9645E01DA83A600088AA08 /* Sessions.swift */,
			);
			name = Model;
			sourceTree = "<group>";
		};
/* End PBXGroup section */

/* Begin PBXNativeTarget section */
		2E62BCD11DA2CE7E006C424E /* ANUPark */ = {
			isa = PBXNativeTarget;
			buildConfigurationList = 2E62BCFA1DA2CE7F006C424E /* Build configuration list for PBXNativeTarget "ANUPark" */;
			buildPhases = (
				2E62BCCE1DA2CE7E006C424E /* Sources */,
				2E62BCCF1DA2CE7E006C424E /* Frameworks */,
				2E62BCD01DA2CE7E006C424E /* Resources */,
			);
			buildRules = (
			);
			dependencies = (
			);
			name = ANUPark;
			productName = ANUPark;
			productReference = 2E62BCD21DA2CE7E006C424E /* ANUPark.app */;
			productType = "com.apple.product-type.application";
		};
		2E62BCE51DA2CE7E006C424E /* ANUParkTests */ = {
			isa = PBXNativeTarget;
			buildConfigurationList = 2E62BCFD1DA2CE7F006C424E /* Build configuration list for PBXNativeTarget "ANUParkTests" */;
			buildPhases = (
				2E62BCE21DA2CE7E006C424E /* Sources */,
				2E62BCE31DA2CE7E006C424E /* Frameworks */,
				2E62BCE41DA2CE7E006C424E /* Resources */,
			);
			buildRules = (
			);
			dependencies = (
				2E62BCE81DA2CE7E006C424E /* PBXTargetDependency */,
			);
			name = ANUParkTests;
			productName = ANUParkTests;
			productReference = 2E62BCE61DA2CE7E006C424E /* ANUParkTests.xctest */;
			productType = "com.apple.product-type.bundle.unit-test";
		};
		2E62BCF01DA2CE7F006C424E /* ANUParkUITests */ = {
			isa = PBXNativeTarget;
			buildConfigurationList = 2E62BD001DA2CE7F006C424E /* Build configuration list for PBXNativeTarget "ANUParkUITests" */;
			buildPhases = (
				2E62BCED1DA2CE7F006C424E /* Sources */,
				2E62BCEE1DA2CE7F006C424E /* Frameworks */,
				2E62BCEF1DA2CE7F006C424E /* Resources */,
			);
			buildRules = (
			);
			dependencies = (
				2E62BCF31DA2CE7F006C424E /* PBXTargetDependency */,
			);
			name = ANUParkUITests;
			productName = ANUParkUITests;
			productReference = 2E62BCF11DA2CE7F006C424E /* ANUParkUITests.xctest */;
			productType = "com.apple.product-type.bundle.ui-testing";
		};
/* End PBXNativeTarget section */

/* Begin PBXProject section */
		2E62BCCA1DA2CE7E006C424E /* Project object */ = {
			isa = PBXProject;
			attributes = {
				LastSwiftUpdateCheck = 0800;
				LastUpgradeCheck = 0800;
				ORGANIZATIONNAME = "sherwin jupiter";
				TargetAttributes = {
					2E62BCD11DA2CE7E006C424E = {
						CreatedOnToolsVersion = 8.0;
						ProvisioningStyle = Automatic;
					};
					2E62BCE51DA2CE7E006C424E = {
						CreatedOnToolsVersion = 8.0;
						ProvisioningStyle = Automatic;
						TestTargetID = 2E62BCD11DA2CE7E006C424E;
					};
					2E62BCF01DA2CE7F006C424E = {
						CreatedOnToolsVersion = 8.0;
						ProvisioningStyle = Automatic;
						TestTargetID = 2E62BCD11DA2CE7E006C424E;
					};
				};
			};
			buildConfigurationList = 2E62BCCD1DA2CE7E006C424E /* Build configuration list for PBXProject "ANUPark" */;
			compatibilityVersion = "Xcode 3.2";
			developmentRegion = English;
			hasScannedForEncodings = 0;
			knownRegions = (
				en,
				Base,
			);
			mainGroup = 2E62BCC91DA2CE7E006C424E;
			productRefGroup = 2E62BCD31DA2CE7E006C424E /* Products */;
			projectDirPath = "";
			projectRoot = "";
			targets = (
				2E62BCD11DA2CE7E006C424E /* ANUPark */,
				2E62BCE51DA2CE7E006C424E /* ANUParkTests */,
				2E62BCF01DA2CE7F006C424E /* ANUParkUITests */,
			);
		};
/* End PBXProject section */

/* Begin PBXResourcesBuildPhase section */
		2E62BCD01DA2CE7E006C424E /* Resources */ = {
			isa = PBXResourcesBuildPhase;
			buildActionMask = 2147483647;
			files = (
				2E62BCE01DA2CE7E006C424E /* LaunchScreen.storyboard in Resources */,
				2E62BCDD1DA2CE7E006C424E /* Assets.xcassets in Resources */,
				2E62BCDB1DA2CE7E006C424E /* Main.storyboard in Resources */,
			);
			runOnlyForDeploymentPostprocessing = 0;
		};
		2E62BCE41DA2CE7E006C424E /* Resources */ = {
			isa = PBXResourcesBuildPhase;
			buildActionMask = 2147483647;
			files = (
			);
			runOnlyForDeploymentPostprocessing = 0;
		};
		2E62BCEF1DA2CE7F006C424E /* Resources */ = {
			isa = PBXResourcesBuildPhase;
			buildActionMask = 2147483647;
			files = (
			);
			runOnlyForDeploymentPostprocessing = 0;
		};
/* End PBXResourcesBuildPhase section */

/* Begin PBXSourcesBuildPhase section */
		2E62BCCE1DA2CE7E006C424E /* Sources */ = {
			isa = PBXSourcesBuildPhase;
			buildActionMask = 2147483647;
			files = (
				2E62BCD81DA2CE7E006C424E /* welcome.swift in Sources */,
				2E9645DD1DA83A0E0088AA08 /* Signup.swift in Sources */,
				2E9645E11DA83A600088AA08 /* Sessions.swift in Sources */,
				2E9645E31DA83A7E0088AA08 /* Map.swift in Sources */,
				2E9645DF1DA83A250088AA08 /* Parking.swift in Sources */,
				2E9645DB1DA839ED0088AA08 /* Login.swift in Sources */,
				2E9645E71DA83AB20088AA08 /* Settings.swift in Sources */,
				2E62BCD61DA2CE7E006C424E /* AppDelegate.swift in Sources */,
				2E9645E51DA83A920088AA08 /* FindMyCar.swift in Sources */,
			);
			runOnlyForDeploymentPostprocessing = 0;
		};
		2E62BCE21DA2CE7E006C424E /* Sources */ = {
			isa = PBXSourcesBuildPhase;
			buildActionMask = 2147483647;
			files = (
				2E62BCEB1DA2CE7E006C424E /* ANUParkTests.swift in Sources */,
			);
			runOnlyForDeploymentPostprocessing = 0;
		};
		2E62BCED1DA2CE7F006C424E /* Sources */ = {
			isa = PBXSourcesBuildPhase;
			buildActionMask = 2147483647;
			files = (
				2E62BCF61DA2CE7F006C424E /* ANUParkUITests.swift in Sources */,
			);
			runOnlyForDeploymentPostprocessing = 0;
		};
/* End PBXSourcesBuildPhase section */

/* Begin PBXTargetDependency section */
		2E62BCE81DA2CE7E006C424E /* PBXTargetDependency */ = {
			isa = PBXTargetDependency;
			target = 2E62BCD11DA2CE7E006C424E /* ANUPark */;
			targetProxy = 2E62BCE71DA2CE7E006C424E /* PBXContainerItemProxy */;
		};
		2E62BCF31DA2CE7F006C424E /* PBXTargetDependency */ = {
			isa = PBXTargetDependency;
			target = 2E62BCD11DA2CE7E006C424E /* ANUPark */;
			targetProxy = 2E62BCF21DA2CE7F006C424E /* PBXContainerItemProxy */;
		};
/* End PBXTargetDependency section */

/* Begin PBXVariantGroup section */
		2E62BCD91DA2CE7E006C424E /* Main.storyboard */ = {
			isa = PBXVariantGroup;
			children = (
				2E62BCDA1DA2CE7E006C424E /* Base */,
			);
			name = Main.storyboard;
			sourceTree = "<group>";
		};
		2E62BCDE1DA2CE7E006C424E /* LaunchScreen.storyboard */ = {
			isa = PBXVariantGroup;
			children = (
				2E62BCDF1DA2CE7E006C424E /* Base */,
			);
			name = LaunchScreen.storyboard;
			sourceTree = "<group>";
		};
/* End PBXVariantGroup section */

/* Begin XCBuildConfiguration section */
		2E62BCF81DA2CE7F006C424E /* Debug */ = {
			isa = XCBuildConfiguration;
			buildSettings = {
				ALWAYS_SEARCH_USER_PATHS = NO;
				CLANG_ANALYZER_NONNULL = YES;
				CLANG_CXX_LANGUAGE_STANDARD = "gnu++0x";
				CLANG_CXX_LIBRARY = "libc++";
				CLANG_ENABLE_MODULES = YES;
				CLANG_ENABLE_OBJC_ARC = YES;
				CLANG_WARN_BOOL_CONVERSION = YES;
				CLANG_WARN_CONSTANT_CONVERSION = YES;
				CLANG_WARN_DIRECT_OBJC_ISA_USAGE = YES_ERROR;
				CLANG_WARN_DOCUMENTATION_COMMENTS = YES;
				CLANG_WARN_EMPTY_BODY = YES;
				CLANG_WARN_ENUM_CONVERSION = YES;
				CLANG_WARN_INFINITE_RECURSION = YES;
				CLANG_WARN_INT_CONVERSION = YES;
				CLANG_WARN_OBJC_ROOT_CLASS = YES_ERROR;
				CLANG_WARN_SUSPICIOUS_MOVES = YES;
				CLANG_WARN_UNREACHABLE_CODE = YES;
				CLANG_WARN__DUPLICATE_METHOD_MATCH = YES;
				"CODE_SIGN_IDENTITY[sdk=iphoneos*]" = "iPhone Developer";
				COPY_PHASE_STRIP = NO;
				DEBUG_INFORMATION_FORMAT = dwarf;
				ENABLE_STRICT_OBJC_MSGSEND = YES;
				ENABLE_TESTABILITY = YES;
				GCC_C_LANGUAGE_STANDARD = gnu99;
				GCC_DYNAMIC_NO_PIC = NO;
				GCC_NO_COMMON_BLOCKS = YES;
				GCC_OPTIMIZATION_LEVEL = 0;
				GCC_PREPROCESSOR_DEFINITIONS = (
					"DEBUG=1",
					"$(inherited)",
				);
				GCC_WARN_64_TO_32_BIT_CONVERSION = YES;
				GCC_WARN_ABOUT_RETURN_TYPE = YES_ERROR;
				GCC_WARN_UNDECLARED_SELECTOR = YES;
				GCC_WARN_UNINITIALIZED_AUTOS = YES_AGGRESSIVE;
				GCC_WARN_UNUSED_FUNCTION = YES;
				GCC_WARN_UNUSED_VARIABLE = YES;
				IPHONEOS_DEPLOYMENT_TARGET = 10.0;
				MTL_ENABLE_DEBUG_INFO = YES;
				ONLY_ACTIVE_ARCH = YES;
				SDKROOT = iphoneos;
				SWIFT_ACTIVE_COMPILATION_CONDITIONS = DEBUG;
				SWIFT_OPTIMIZATION_LEVEL = "-Onone";
				TARGETED_DEVICE_FAMILY = "1,2";
			};
			name = Debug;
		};
		2E62BCF91DA2CE7F006C424E /* Release */ = {
			isa = XCBuildConfiguration;
			buildSettings = {
				ALWAYS_SEARCH_USER_PATHS = NO;
				CLANG_ANALYZER_NONNULL = YES;
				CLANG_CXX_LANGUAGE_STANDARD = "gnu++0x";
				CLANG_CXX_LIBRARY = "libc++";
				CLANG_ENABLE_MODULES = YES;
				CLANG_ENABLE_OBJC_ARC = YES;
				CLANG_WARN_BOOL_CONVERSION = YES;
				CLANG_WARN_CONSTANT_CONVERSION = YES;
				CLANG_WARN_DIRECT_OBJC_ISA_USAGE = YES_ERROR;
				CLANG_WARN_DOCUMENTATION_COMMENTS = YES;
				CLANG_WARN_EMPTY_BODY = YES;
				CLANG_WARN_ENUM_CONVERSION = YES;
				CLANG_WARN_INFINITE_RECURSION = YES;
				CLANG_WARN_INT_CONVERSION = YES;
				CLANG_WARN_OBJC_ROOT_CLASS = YES_ERROR;
				CLANG_WARN_SUSPICIOUS_MOVES = YES;
				CLANG_WARN_UNREACHABLE_CODE = YES;
				CLANG_WARN__DUPLICATE_METHOD_MATCH = YES;
				"CODE_SIGN_IDENTITY[sdk=iphoneos*]" = "iPhone Developer";
				COPY_PHASE_STRIP = NO;
				DEBUG_INFORMATION_FORMAT = "dwarf-with-dsym";
				ENABLE_NS_ASSERTIONS = NO;
				ENABLE_STRICT_OBJC_MSGSEND = YES;
				GCC_C_LANGUAGE_STANDARD = gnu99;
				GCC_NO_COMMON_BLOCKS = YES;
				GCC_WARN_64_TO_32_BIT_CONVERSION = YES;
				GCC_WARN_ABOUT_RETURN_TYPE = YES_ERROR;
				GCC_WARN_UNDECLARED_SELECTOR = YES;
				GCC_WARN_UNINITIALIZED_AUTOS = YES_AGGRESSIVE;
				GCC_WARN_UNUSED_FUNCTION = YES;
				GCC_WARN_UNUSED_VARIABLE = YES;
				IPHONEOS_DEPLOYMENT_TARGET = 10.0;
				MTL_ENABLE_DEBUG_INFO = NO;
				SDKROOT = iphoneos;
				SWIFT_OPTIMIZATION_LEVEL = "-Owholemodule";
				TARGETED_DEVICE_FAMILY = "1,2";
				VALIDATE_PRODUCT = YES;
			};
			name = Release;
		};
		2E62BCFB1DA2CE7F006C424E /* Debug */ = {
			isa = XCBuildConfiguration;
			buildSettings = {
				ASSETCATALOG_COMPILER_APPICON_NAME = AppIcon;
				INFOPLIST_FILE = ANUPark/Info.plist;
				LD_RUNPATH_SEARCH_PATHS = "$(inherited) @executable_path/Frameworks";
				PRODUCT_BUNDLE_IDENTIFIER = pivotmobileapp.ANUPark;
				PRODUCT_NAME = "$(TARGET_NAME)";
				SWIFT_VERSION = 3.0;
			};
			name = Debug;
		};
		2E62BCFC1DA2CE7F006C424E /* Release */ = {
			isa = XCBuildConfiguration;
			buildSettings = {
				ASSETCATALOG_COMPILER_APPICON_NAME = AppIcon;
				INFOPLIST_FILE = ANUPark/Info.plist;
				LD_RUNPATH_SEARCH_PATHS = "$(inherited) @executable_path/Frameworks";
				PRODUCT_BUNDLE_IDENTIFIER = pivotmobileapp.ANUPark;
				PRODUCT_NAME = "$(TARGET_NAME)";
				SWIFT_VERSION = 3.0;
			};
			name = Release;
		};
		2E62BCFE1DA2CE7F006C424E /* Debug */ = {
			isa = XCBuildConfiguration;
			buildSettings = {
				ALWAYS_EMBED_SWIFT_STANDARD_LIBRARIES = YES;
				BUNDLE_LOADER = "$(TEST_HOST)";
				INFOPLIST_FILE = ANUParkTests/Info.plist;
				LD_RUNPATH_SEARCH_PATHS = "$(inherited) @executable_path/Frameworks @loader_path/Frameworks";
				PRODUCT_BUNDLE_IDENTIFIER = pivotmobileapp.ANUParkTests;
				PRODUCT_NAME = "$(TARGET_NAME)";
				SWIFT_VERSION = 3.0;
				TEST_HOST = "$(BUILT_PRODUCTS_DIR)/ANUPark.app/ANUPark";
			};
			name = Debug;
		};
		2E62BCFF1DA2CE7F006C424E /* Release */ = {
			isa = XCBuildConfiguration;
			buildSettings = {
				ALWAYS_EMBED_SWIFT_STANDARD_LIBRARIES = YES;
				BUNDLE_LOADER = "$(TEST_HOST)";
				INFOPLIST_FILE = ANUParkTests/Info.plist;
				LD_RUNPATH_SEARCH_PATHS = "$(inherited) @executable_path/Frameworks @loader_path/Frameworks";
				PRODUCT_BUNDLE_IDENTIFIER = pivotmobileapp.ANUParkTests;
				PRODUCT_NAME = "$(TARGET_NAME)";
				SWIFT_VERSION = 3.0;
				TEST_HOST = "$(BUILT_PRODUCTS_DIR)/ANUPark.app/ANUPark";
			};
			name = Release;
		};
		2E62BD011DA2CE7F006C424E /* Debug */ = {
			isa = XCBuildConfiguration;
			buildSettings = {
				ALWAYS_EMBED_SWIFT_STANDARD_LIBRARIES = YES;
				INFOPLIST_FILE = ANUParkUITests/Info.plist;
				LD_RUNPATH_SEARCH_PATHS = "$(inherited) @executable_path/Frameworks @loader_path/Frameworks";
				PRODUCT_BUNDLE_IDENTIFIER = pivotmobileapp.ANUParkUITests;
				PRODUCT_NAME = "$(TARGET_NAME)";
				SWIFT_VERSION = 3.0;
				TEST_TARGET_NAME = ANUPark;
			};
			name = Debug;
		};
		2E62BD021DA2CE7F006C424E /* Release */ = {
			isa = XCBuildConfiguration;
			buildSettings = {
				ALWAYS_EMBED_SWIFT_STANDARD_LIBRARIES = YES;
				INFOPLIST_FILE = ANUParkUITests/Info.plist;
				LD_RUNPATH_SEARCH_PATHS = "$(inherited) @executable_path/Frameworks @loader_path/Frameworks";
				PRODUCT_BUNDLE_IDENTIFIER = pivotmobileapp.ANUParkUITests;
				PRODUCT_NAME = "$(TARGET_NAME)";
				SWIFT_VERSION = 3.0;
				TEST_TARGET_NAME = ANUPark;
			};
			name = Release;
		};
/* End XCBuildConfiguration section */

/* Begin XCConfigurationList section */
		2E62BCCD1DA2CE7E006C424E /* Build configuration list for PBXProject "ANUPark" */ = {
			isa = XCConfigurationList;
			buildConfigurations = (
				2E62BCF81DA2CE7F006C424E /* Debug */,
				2E62BCF91DA2CE7F006C424E /* Release */,
			);
			defaultConfigurationIsVisible = 0;
			defaultConfigurationName = Release;
		};
		2E62BCFA1DA2CE7F006C424E /* Build configuration list for PBXNativeTarget "ANUPark" */ = {
			isa = XCConfigurationList;
			buildConfigurations = (
				2E62BCFB1DA2CE7F006C424E /* Debug */,
				2E62BCFC1DA2CE7F006C424E /* Release */,
			);
			defaultConfigurationIsVisible = 0;
			defaultConfigurationName = Release;
		};
		2E62BCFD1DA2CE7F006C424E /* Build configuration list for PBXNativeTarget "ANUParkTests" */ = {
			isa = XCConfigurationList;
			buildConfigurations = (
				2E62BCFE1DA2CE7F006C424E /* Debug */,
				2E62BCFF1DA2CE7F006C424E /* Release */,
			);
			defaultConfigurationIsVisible = 0;
			defaultConfigurationName = Release;
		};
		2E62BD001DA2CE7F006C424E /* Build configuration list for PBXNativeTarget "ANUParkUITests" */ = {
			isa = XCConfigurationList;
			buildConfigurations = (
				2E62BD011DA2CE7F006C424E /* Debug */,
				2E62BD021DA2CE7F006C424E /* Release */,
			);
			defaultConfigurationIsVisible = 0;
			defaultConfigurationName = Release;
		};
/* End XCConfigurationList section */
	};
	rootObject = 2E62BCCA1DA2CE7E006C424E /* Project object */;
}
